
Microsoft Visual Studio Solution File, Format Version 12.00
# Visual Studio 15
VisualStudioVersion = 15.0.27703.2035
MinimumVisualStudioVersion = 10.0.40219.1
Project("{888888A0-9F3D-457C-B088-3A5042F75D52}") = "ReplaySBS", "ReplaySBS\ReplaySBS.pyproj", "{1D9CE7E7-C91C-4CC8-901A-F63ACD38A95C}"
EndProject
Global
	GlobalSection(SolutionConfigurationPlatforms) = preSolution
		Debug|Any CPU = Debug|Any CPU
		Release|Any CPU = Release|Any CPU
	EndGlobalSection
	GlobalSection(ProjectConfigurationPlatforms) = postSolution
		{1D9CE7E7-C91C-4CC8-901A-F63ACD38A95C}.Debug|Any CPU.ActiveCfg = Debug|Any CPU
		{1D9CE7E7-C91C-4CC8-901A-F63ACD38A95C}.Release|Any CPU.ActiveCfg = Release|Any CPU
	EndGlobalSection
	GlobalSection(SolutionProperties) = preSolution
		HideSolutionNode = FALSE
	EndGlobalSection
	GlobalSection(ExtensibilityGlobals) = postSolution
		SolutionGuid = {B4AC054A-7C42-4ECC-883C-3A97ADFEDD41}
	EndGlobalSection
EndGlobal
